<?xml version="1.0" encoding="utf-8"?>
<Project ToolsVersion="4.0" xmlns="http://schemas.microsoft.com/developer/msbuild/2003">
  <ItemGroup>
    <Filter Include="header">
      <UniqueIdentifier>{ab113470-693e-452b-bb9a-8cb7fa934192}</UniqueIdentifier>
    </Filter>
    <Filter Include="source">
      <UniqueIdentifier>{52812ae3-f008-40d4-9493-e51cab0b2de0}</UniqueIdentifier>
    </Filter>
    <Filter Include="sqlite3">
      <UniqueIdentifier>{abe908aa-aac7-4d3a-b052-004932ff93d7}</UniqueIdentifier>
    </Filter>
  </ItemGroup>
  <ItemGroup>
    <ClCompile Include="main.cpp">
      <Filter>source</Filter>
    </ClCompile>
    <ClCompile Include="CEpoll.cpp">
      <Filter>source</Filter>
    </ClCompile>
    <ClCompile Include="Socket.cpp">
      <Filter>source</Filter>
    </ClCompile>
    <ClCompile Include="Thread.cpp">
      <Filter>source</Filter>
    </ClCompile>
    <ClCompile Include="Public.cpp">
      <Filter>source</Filter>
    </ClCompile>
    <ClCompile Include="Logger.cpp">
      <Filter>source</Filter>
    </ClCompile>
    <ClCompile Include="ThreadPool.cpp">
      <Filter>source</Filter>
    </ClCompile>
    <ClCompile Include="Server.cpp">
      <Filter>source</Filter>
    </ClCompile>
    <ClCompile Include="HPlayServer.cpp">
      <Filter>source</Filter>
    </ClCompile>
    <ClCompile Include="http_parser.c">
      <Filter>source</Filter>
    </ClCompile>
    <ClCompile Include="HttpParser.cpp">
      <Filter>source</Filter>
    </ClCompile>
    <ClCompile Include="DatabaseHelper.cpp">
      <Filter>source</Filter>
    </ClCompile>
    <ClCompile Include="sqlite3\sqlite3.c">
      <Filter>sqlite3</Filter>
    </ClCompile>
    <ClCompile Include="Sqlite3Client.cpp">
      <Filter>source</Filter>
    </ClCompile>
    <ClCompile Include="MysqlClient.cpp">
      <Filter>source</Filter>
    </ClCompile>
  </ItemGroup>
  <ItemGroup>
    <ClInclude Include="Function.h">
      <Filter>header</Filter>
    </ClInclude>
    <ClInclude Include="Process.h">
      <Filter>header</Filter>
    </ClInclude>
    <ClInclude Include="CEpoll.h">
      <Filter>header</Filter>
    </ClInclude>
    <ClInclude Include="Socket.h">
      <Filter>header</Filter>
    </ClInclude>
    <ClInclude Include="Thread.h">
      <Filter>header</Filter>
    </ClInclude>
    <ClInclude Include="Public.h">
      <Filter>header</Filter>
    </ClInclude>
    <ClInclude Include="Logger.h">
      <Filter>header</Filter>
    </ClInclude>
    <ClInclude Include="ThreadPool.h">
      <Filter>header</Filter>
    </ClInclude>
    <ClInclude Include="Server.h">
      <Filter>header</Filter>
    </ClInclude>
    <ClInclude Include="HPlayServer.h">
      <Filter>header</Filter>
    </ClInclude>
    <ClInclude Include="http_parser.h">
      <Filter>header</Filter>
    </ClInclude>
    <ClInclude Include="HttpParser.h">
      <Filter>header</Filter>
    </ClInclude>
    <ClInclude Include="DatabaseHelper.h">
      <Filter>header</Filter>
    </ClInclude>
    <ClInclude Include="sqlite3\sqlite3.h">
      <Filter>sqlite3</Filter>
    </ClInclude>
    <ClInclude Include="sqlite3\sqlite3ext.h">
      <Filter>sqlite3</Filter>
    </ClInclude>
    <ClInclude Include="Sqlite3Client.h">
      <Filter>header</Filter>
    </ClInclude>
    <ClInclude Include="MysqlClient.h">
      <Filter>header</Filter>
    </ClInclude>
  </ItemGroup>
</Project>